
Microsoft Visual Studio Solution File, Format Version 12.00
# Visual Studio Version 16
VisualStudioVersion = 16.0.30114.105
MinimumVisualStudioVersion = 10.0.40219.1
Project("{2150E333-8FDC-42A3-9474-1A3956D46DE8}") = "1.Host", "1.Host", "{7D05E328-BCBE-4A00-A941-B4B08A132B55}"
EndProject
Project("{FAE04EC0-301F-11D3-BF4B-00C04F79EFBC}") = "Order.api", "1.Host\Order.api\Order.api.csproj", "{4D95BD64-10AB-4A0D-83DE-E98415A3B30E}"
EndProject
Project("{2150E333-8FDC-42A3-9474-1A3956D46DE8}") = "2.Domain", "2.Domain", "{40A865EA-38FB-4146-ADF8-1905C005879C}"
EndProject
Project("{FAE04EC0-301F-11D3-BF4B-00C04F79EFBC}") = "Order.domain", "2.Domain\Order.domain\Order.domain.csproj", "{F27C166F-E6A5-4488-A714-CEA29B0E8968}"
EndProject
Project("{2150E333-8FDC-42A3-9474-1A3956D46DE8}") = "4.Tests", "4.Tests", "{F4E92D37-D0C0-41C9-8031-89B3E0D00C37}"
EndProject
Project("{FAE04EC0-301F-11D3-BF4B-00C04F79EFBC}") = "Order.tests", "4.Tests\Order.tests\Order.tests.csproj", "{FC8EE45B-396B-47D0-9BA0-B7B3105054B3}"
EndProject
Project("{2150E333-8FDC-42A3-9474-1A3956D46DE8}") = "3.Infra", "3.Infra", "{3B003D2A-4621-405F-9AA2-2BF0A2D5F15D}"
EndProject
Project("{FAE04EC0-301F-11D3-BF4B-00C04F79EFBC}") = "Order.infra", "3.Infra\Order.infra\Order.infra.csproj", "{87702A6A-623A-4694-8649-9DFC15EF97A5}"
EndProject
Global
	GlobalSection(SolutionConfigurationPlatforms) = preSolution
		Debug|Any CPU = Debug|Any CPU
		Debug|x64 = Debug|x64
		Debug|x86 = Debug|x86
		Release|Any CPU = Release|Any CPU
		Release|x64 = Release|x64
		Release|x86 = Release|x86
	EndGlobalSection
	GlobalSection(SolutionProperties) = preSolution
		HideSolutionNode = FALSE
	EndGlobalSection
	GlobalSection(ProjectConfigurationPlatforms) = postSolution
		{4D95BD64-10AB-4A0D-83DE-E98415A3B30E}.Debug|Any CPU.ActiveCfg = Debug|Any CPU
		{4D95BD64-10AB-4A0D-83DE-E98415A3B30E}.Debug|Any CPU.Build.0 = Debug|Any CPU
		{4D95BD64-10AB-4A0D-83DE-E98415A3B30E}.Debug|x64.ActiveCfg = Debug|Any CPU
		{4D95BD64-10AB-4A0D-83DE-E98415A3B30E}.Debug|x64.Build.0 = Debug|Any CPU
		{4D95BD64-10AB-4A0D-83DE-E98415A3B30E}.Debug|x86.ActiveCfg = Debug|Any CPU
		{4D95BD64-10AB-4A0D-83DE-E98415A3B30E}.Debug|x86.Build.0 = Debug|Any CPU
		{4D95BD64-10AB-4A0D-83DE-E98415A3B30E}.Release|Any CPU.ActiveCfg = Release|Any CPU
		{4D95BD64-10AB-4A0D-83DE-E98415A3B30E}.Release|Any CPU.Build.0 = Release|Any CPU
		{4D95BD64-10AB-4A0D-83DE-E98415A3B30E}.Release|x64.ActiveCfg = Release|Any CPU
		{4D95BD64-10AB-4A0D-83DE-E98415A3B30E}.Release|x64.Build.0 = Release|Any CPU
		{4D95BD64-10AB-4A0D-83DE-E98415A3B30E}.Release|x86.ActiveCfg = Release|Any CPU
		{4D95BD64-10AB-4A0D-83DE-E98415A3B30E}.Release|x86.Build.0 = Release|Any CPU
		{F27C166F-E6A5-4488-A714-CEA29B0E8968}.Debug|Any CPU.ActiveCfg = Debug|Any CPU
		{F27C166F-E6A5-4488-A714-CEA29B0E8968}.Debug|Any CPU.Build.0 = Debug|Any CPU
		{F27C166F-E6A5-4488-A714-CEA29B0E8968}.Debug|x64.ActiveCfg = Debug|Any CPU
		{F27C166F-E6A5-4488-A714-CEA29B0E8968}.Debug|x64.Build.0 = Debug|Any CPU
		{F27C166F-E6A5-4488-A714-CEA29B0E8968}.Debug|x86.ActiveCfg = Debug|Any CPU
		{F27C166F-E6A5-4488-A714-CEA29B0E8968}.Debug|x86.Build.0 = Debug|Any CPU
		{F27C166F-E6A5-4488-A714-CEA29B0E8968}.Release|Any CPU.ActiveCfg = Release|Any CPU
		{F27C166F-E6A5-4488-A714-CEA29B0E8968}.Release|Any CPU.Build.0 = Release|Any CPU
		{F27C166F-E6A5-4488-A714-CEA29B0E8968}.Release|x64.ActiveCfg = Release|Any CPU
		{F27C166F-E6A5-4488-A714-CEA29B0E8968}.Release|x64.Build.0 = Release|Any CPU
		{F27C166F-E6A5-4488-A714-CEA29B0E8968}.Release|x86.ActiveCfg = Release|Any CPU
		{F27C166F-E6A5-4488-A714-CEA29B0E8968}.Release|x86.Build.0 = Release|Any CPU
		{FC8EE45B-396B-47D0-9BA0-B7B3105054B3}.Debug|Any CPU.ActiveCfg = Debug|Any CPU
		{FC8EE45B-396B-47D0-9BA0-B7B3105054B3}.Debug|Any CPU.Build.0 = Debug|Any CPU
		{FC8EE45B-396B-47D0-9BA0-B7B3105054B3}.Debug|x64.ActiveCfg = Debug|Any CPU
		{FC8EE45B-396B-47D0-9BA0-B7B3105054B3}.Debug|x64.Build.0 = Debug|Any CPU
		{FC8EE45B-396B-47D0-9BA0-B7B3105054B3}.Debug|x86.ActiveCfg = Debug|Any CPU
		{FC8EE45B-396B-47D0-9BA0-B7B3105054B3}.Debug|x86.Build.0 = Debug|Any CPU
		{FC8EE45B-396B-47D0-9BA0-B7B3105054B3}.Release|Any CPU.ActiveCfg = Release|Any CPU
		{FC8EE45B-396B-47D0-9BA0-B7B3105054B3}.Release|Any CPU.Build.0 = Release|Any CPU
		{FC8EE45B-396B-47D0-9BA0-B7B3105054B3}.Release|x64.ActiveCfg = Release|Any CPU
		{FC8EE45B-396B-47D0-9BA0-B7B3105054B3}.Release|x64.Build.0 = Release|Any CPU
		{FC8EE45B-396B-47D0-9BA0-B7B3105054B3}.Release|x86.ActiveCfg = Release|Any CPU
		{FC8EE45B-396B-47D0-9BA0-B7B3105054B3}.Release|x86.Build.0 = Release|Any CPU
		{87702A6A-623A-4694-8649-9DFC15EF97A5}.Debug|Any CPU.ActiveCfg = Debug|Any CPU
		{87702A6A-623A-4694-8649-9DFC15EF97A5}.Debug|Any CPU.Build.0 = Debug|Any CPU
		{87702A6A-623A-4694-8649-9DFC15EF97A5}.Debug|x64.ActiveCfg = Debug|Any CPU
		{87702A6A-623A-4694-8649-9DFC15EF97A5}.Debug|x64.Build.0 = Debug|Any CPU
		{87702A6A-623A-4694-8649-9DFC15EF97A5}.Debug|x86.ActiveCfg = Debug|Any CPU
		{87702A6A-623A-4694-8649-9DFC15EF97A5}.Debug|x86.Build.0 = Debug|Any CPU
		{87702A6A-623A-4694-8649-9DFC15EF97A5}.Release|Any CPU.ActiveCfg = Release|Any CPU
		{87702A6A-623A-4694-8649-9DFC15EF97A5}.Release|Any CPU.Build.0 = Release|Any CPU
		{87702A6A-623A-4694-8649-9DFC15EF97A5}.Release|x64.ActiveCfg = Release|Any CPU
		{87702A6A-623A-4694-8649-9DFC15EF97A5}.Release|x64.Build.0 = Release|Any CPU
		{87702A6A-623A-4694-8649-9DFC15EF97A5}.Release|x86.ActiveCfg = Release|Any CPU
		{87702A6A-623A-4694-8649-9DFC15EF97A5}.Release|x86.Build.0 = Release|Any CPU
	EndGlobalSection
	GlobalSection(NestedProjects) = preSolution
		{4D95BD64-10AB-4A0D-83DE-E98415A3B30E} = {7D05E328-BCBE-4A00-A941-B4B08A132B55}
		{F27C166F-E6A5-4488-A714-CEA29B0E8968} = {40A865EA-38FB-4146-ADF8-1905C005879C}
		{FC8EE45B-396B-47D0-9BA0-B7B3105054B3} = {F4E92D37-D0C0-41C9-8031-89B3E0D00C37}
		{87702A6A-623A-4694-8649-9DFC15EF97A5} = {3B003D2A-4621-405F-9AA2-2BF0A2D5F15D}
	EndGlobalSection
EndGlobal
